// !$*UTF8*$!
{
	archiveVersion = 1;
	classes = {
	};
	objectVersion = 50;
	objects = {

/* Begin PBXBuildFile section */
		6020725622345C56003CBC0B /* GoogleService-Info.plist in Resources */ = {isa = PBXBuildFile; fileRef = 6020725522345C55003CBC0B /* GoogleService-Info.plist */; };
		609BAE02223455AE002D008A /* AppDelegate.swift in Sources */ = {isa = PBXBuildFile; fileRef = 609BAE01223455AE002D008A /* AppDelegate.swift */; };
		609BAE04223455AE002D008A /* ViewController.swift in Sources */ = {isa = PBXBuildFile; fileRef = 609BAE03223455AE002D008A /* ViewController.swift */; };
		609BAE07223455AE002D008A /* Main.storyboard in Resources */ = {isa = PBXBuildFile; fileRef = 609BAE05223455AE002D008A /* Main.storyboard */; };
		609BAE09223455B0002D008A /* Assets.xcassets in Resources */ = {isa = PBXBuildFile; fileRef = 609BAE08223455B0002D008A /* Assets.xcassets */; };
		609BAE0C223455B0002D008A /* LaunchScreen.storyboard in Resources */ = {isa = PBXBuildFile; fileRef = 609BAE0A223455B0002D008A /* LaunchScreen.storyboard */; };
		BB132C705EEFE7EA7BD8D1FA /* Pods_Jukebox.framework in Frameworks */ = {isa = PBXBuildFile; fileRef = 1E79F9213105EE97935D7A64 /* Pods_Jukebox.framework */; };
/* End PBXBuildFile section */

/* Begin PBXFileReference section */
		1E79F9213105EE97935D7A64 /* Pods_Jukebox.framework */ = {isa = PBXFileReference; explicitFileType = wrapper.framework; includeInIndex = 0; path = Pods_Jukebox.framework; sourceTree = BUILT_PRODUCTS_DIR; };
		49ECFC0ECDDB2D49AEFE640E /* Pods-Jukebox.release.xcconfig */ = {isa = PBXFileReference; includeInIndex = 1; lastKnownFileType = text.xcconfig; name = "Pods-Jukebox.release.xcconfig"; path = "Pods/Target Support Files/Pods-Jukebox/Pods-Jukebox.release.xcconfig"; sourceTree = "<group>"; };
		6020725522345C55003CBC0B /* GoogleService-Info.plist */ = {isa = PBXFileReference; fileEncoding = 4; lastKnownFileType = text.plist.xml; path = "GoogleService-Info.plist"; sourceTree = "<group>"; };
		609BADFE223455AE002D008A /* Jukebox.app */ = {isa = PBXFileReference; explicitFileType = wrapper.application; includeInIndex = 0; path = Jukebox.app; sourceTree = BUILT_PRODUCTS_DIR; };
		609BAE01223455AE002D008A /* AppDelegate.swift */ = {isa = PBXFileReference; lastKnownFileType = sourcecode.swift; path = AppDelegate.swift; sourceTree = "<group>"; };
		609BAE03223455AE002D008A /* ViewController.swift */ = {isa = PBXFileReference; lastKnownFileType = sourcecode.swift; path = ViewController.swift; sourceTree = "<group>"; };
		609BAE06223455AE002D008A /* Base */ = {isa = PBXFileReference; lastKnownFileType = file.storyboard; name = Base; path = Base.lproj/Main.storyboard; sourceTree = "<group>"; };
		609BAE08223455B0002D008A /* Assets.xcassets */ = {isa = PBXFileReference; lastKnownFileType = folder.assetcatalog; path = Assets.xcassets; sourceTree = "<group>"; };
		609BAE0B223455B0002D008A /* Base */ = {isa = PBXFileReference; lastKnownFileType = file.storyboard; name = Base; path = Base.lproj/LaunchScreen.storyboard; sourceTree = "<group>"; };
		609BAE0D223455B0002D008A /* Info.plist */ = {isa = PBXFileReference; lastKnownFileType = text.plist.xml; path = Info.plist; sourceTree = "<group>"; };
		9C5772EAFEDC331A941F8A90 /* Pods-Jukebox.debug.xcconfig */ = {isa = PBXFileReference; includeInIndex = 1; lastKnownFileType = text.xcconfig; name = "Pods-Jukebox.debug.xcconfig"; path = "Pods/Target Support Files/Pods-Jukebox/Pods-Jukebox.debug.xcconfig"; sourceTree = "<group>"; };
/* End PBXFileReference section */

/* Begin PBXFrameworksBuildPhase section */
		609BADFB223455AE002D008A /* Frameworks */ = {
			isa = PBXFrameworksBuildPhase;
			buildActionMask = 2147483647;
			files = (
				BB132C705EEFE7EA7BD8D1FA /* Pods_Jukebox.framework in Frameworks */,
			);
			runOnlyForDeploymentPostprocessing = 0;
		};
/* End PBXFrameworksBuildPhase section */

/* Begin PBXGroup section */
		609BADF5223455AE002D008A = {
			isa = PBXGroup;
			children = (
				609BAE00223455AE002D008A /* Jukebox */,
				609BADFF223455AE002D008A /* Products */,
				DB0EDC4B449C3AA1B3EFF6B1 /* Pods */,
				D3348C69C26FB16FF7F80748 /* Frameworks */,
			);
			sourceTree = "<group>";
		};
		609BADFF223455AE002D008A /* Products */ = {
			isa = PBXGroup;
			children = (
				609BADFE223455AE002D008A /* Jukebox.app */,
			);
			name = Products;
			sourceTree = "<group>";
		};
		609BAE00223455AE002D008A /* Jukebox */ = {
			isa = PBXGroup;
			children = (
				6020725522345C55003CBC0B /* GoogleService-Info.plist */,
				609BAE01223455AE002D008A /* AppDelegate.swift */,
				609BAE03223455AE002D008A /* ViewController.swift */,
				609BAE05223455AE002D008A /* Main.storyboard */,
				609BAE08223455B0002D008A /* Assets.xcassets */,
				609BAE0A223455B0002D008A /* LaunchScreen.storyboard */,
				609BAE0D223455B0002D008A /* Info.plist */,
			);
			path = Jukebox;
			sourceTree = "<group>";
		};
		D3348C69C26FB16FF7F80748 /* Frameworks */ = {
			isa = PBXGroup;
			children = (
				1E79F9213105EE97935D7A64 /* Pods_Jukebox.framework */,
			);
			name = Frameworks;
			sourceTree = "<group>";
		};
		DB0EDC4B449C3AA1B3EFF6B1 /* Pods */ = {
			isa = PBXGroup;
			children = (
				9C5772EAFEDC331A941F8A90 /* Pods-Jukebox.debug.xcconfig */,
				49ECFC0ECDDB2D49AEFE640E /* Pods-Jukebox.release.xcconfig */,
			);
			name = Pods;
			sourceTree = "<group>";
		};
/* End PBXGroup section */

/* Begin PBXNativeTarget section */
		609BADFD223455AE002D008A /* Jukebox */ = {
			isa = PBXNativeTarget;
			buildConfigurationList = 609BAE10223455B0002D008A /* Build configuration list for PBXNativeTarget "Jukebox" */;
			buildPhases = (
				8880D8335D049246F5DF6CCE /* [CP] Check Pods Manifest.lock */,
				609BADFA223455AE002D008A /* Sources */,
				609BADFB223455AE002D008A /* Frameworks */,
				609BADFC223455AE002D008A /* Resources */,
				9487D54BEF68D82BDDF1F8FD /* [CP] Embed Pods Frameworks */,
				7F1A6B13842038E54669AAD5 /* [CP] Copy Pods Resources */,
			);
			buildRules = (
			);
			dependencies = (
			);
			name = Jukebox;
			productName = Jukebox;
			productReference = 609BADFE223455AE002D008A /* Jukebox.app */;
			productType = "com.apple.product-type.application";
		};
/* End PBXNativeTarget section */

/* Begin PBXProject section */
		609BADF6223455AE002D008A /* Project object */ = {
			isa = PBXProject;
			attributes = {
				LastSwiftUpdateCheck = 1010;
				LastUpgradeCheck = 1010;
				ORGANIZATIONNAME = "Jacob Kim";
				TargetAttributes = {
					609BADFD223455AE002D008A = {
						CreatedOnToolsVersion = 10.1;
					};
				};
			};
			buildConfigurationList = 609BADF9223455AE002D008A /* Build configuration list for PBXProject "Jukebox" */;
			compatibilityVersion = "Xcode 9.3";
			developmentRegion = en;
			hasScannedForEncodings = 0;
			knownRegions = (
				en,
				Base,
			);
			mainGroup = 609BADF5223455AE002D008A;
			productRefGroup = 609BADFF223455AE002D008A /* Products */;
			projectDirPath = "";
			projectRoot = "";
			targets = (
				609BADFD223455AE002D008A /* Jukebox */,
			);
		};
/* End PBXProject section */

/* Begin PBXResourcesBuildPhase section */
		609BADFC223455AE002D008A /* Resources */ = {
			isa = PBXResourcesBuildPhase;
			buildActionMask = 2147483647;
			files = (
				609BAE0C223455B0002D008A /* LaunchScreen.storyboard in Resources */,
				609BAE09223455B0002D008A /* Assets.xcassets in Resources */,
				609BAE07223455AE002D008A /* Main.storyboard in Resources */,
				6020725622345C56003CBC0B /* GoogleService-Info.plist in Resources */,
			);
			runOnlyForDeploymentPostprocessing = 0;
		};
/* End PBXResourcesBuildPhase section */

/* Begin PBXShellScriptBuildPhase section */
		7F1A6B13842038E54669AAD5 /* [CP] Copy Pods Resources */ = {
			isa = PBXShellScriptBuildPhase;
			buildActionMask = 2147483647;
			files = (
			);
			inputPaths = (
			);
			name = "[CP] Copy Pods Resources";
			outputPaths = (
			);
			runOnlyForDeploymentPostprocessing = 0;
			shellPath = /bin/sh;
			shellScript = "\"${SRCROOT}/Pods/Target Support Files/Pods-Jukebox/Pods-Jukebox-resources.sh\"\n";
			showEnvVarsInLog = 0;
		};
		8880D8335D049246F5DF6CCE /* [CP] Check Pods Manifest.lock */ = {
			isa = PBXShellScriptBuildPhase;
			buildActionMask = 2147483647;
			files = (
			);
			inputPaths = (
				"${PODS_PODFILE_DIR_PATH}/Podfile.lock",
				"${PODS_ROOT}/Manifest.lock",
			);
			name = "[CP] Check Pods Manifest.lock";
			outputPaths = (
				"$(DERIVED_FILE_DIR)/Pods-Jukebox-checkManifestLockResult.txt",
			);
			runOnlyForDeploymentPostprocessing = 0;
			shellPath = /bin/sh;
			shellScript = "diff \"${PODS_PODFILE_DIR_PATH}/Podfile.lock\" \"${PODS_ROOT}/Manifest.lock\" > /dev/null\nif [ $? != 0 ] ; then\n    # print error to STDERR\n    echo \"error: The sandbox is not in sync with the Podfile.lock. Run 'pod install' or update your CocoaPods installation.\" >&2\n    exit 1\nfi\n# This output is used by Xcode 'outputs' to avoid re-running this script phase.\necho \"SUCCESS\" > \"${SCRIPT_OUTPUT_FILE_0}\"\n";
			showEnvVarsInLog = 0;
		};
		9487D54BEF68D82BDDF1F8FD /* [CP] Embed Pods Frameworks */ = {
			isa = PBXShellScriptBuildPhase;
			buildActionMask = 2147483647;
			files = (
			);
			inputPaths = (
				"${SRCROOT}/Pods/Target Support Files/Pods-Jukebox/Pods-Jukebox-frameworks.sh",
				"${BUILT_PRODUCTS_DIR}/GoogleToolboxForMac/GoogleToolboxForMac.framework",
				"${BUILT_PRODUCTS_DIR}/nanopb/nanopb.framework",
			);
			name = "[CP] Embed Pods Frameworks";
			outputPaths = (
				"${TARGET_BUILD_DIR}/${FRAMEWORKS_FOLDER_PATH}/GoogleToolboxForMac.framework",
				"${TARGET_BUILD_DIR}/${FRAMEWORKS_FOLDER_PATH}/nanopb.framework",
			);
			runOnlyForDeploymentPostprocessing = 0;
			shellPath = /bin/sh;
			shellScript = "\"${SRCROOT}/Pods/Target Support Files/Pods-Jukebox/Pods-Jukebox-frameworks.sh\"\n";
			showEnvVarsInLog = 0;
		};
/* End PBXShellScriptBuildPhase section */

/* Begin PBXSourcesBuildPhase section */
		609BADFA223455AE002D008A /* Sources */ = {
			isa = PBXSourcesBuildPhase;
			buildActionMask = 2147483647;
			files = (
				609BAE04223455AE002D008A /* ViewController.swift in Sources */,
				609BAE02223455AE002D008A /* AppDelegate.swift in Sources */,
			);
			runOnlyForDeploymentPostprocessing = 0;
		};
/* End PBXSourcesBuildPhase section */

/* Begin PBXVariantGroup section */
		609BAE05223455AE002D008A /* Main.storyboard */ = {
			isa = PBXVariantGroup;
			children = (
				609BAE06223455AE002D008A /* Base */,
			);
			name = Main.storyboard;
			sourceTree = "<group>";
		};
		609BAE0A223455B0002D008A /* LaunchScreen.storyboard */ = {
			isa = PBXVariantGroup;
			children = (
				609BAE0B223455B0002D008A /* Base */,
			);
			name = LaunchScreen.storyboard;
			sourceTree = "<group>";
		};
/* End PBXVariantGroup section */

/* Begin XCBuildConfiguration section */
		609BAE0E223455B0002D008A /* Debug */ = {
			isa = XCBuildConfiguration;
			buildSettings = {
				ALWAYS_SEARCH_USER_PATHS = NO;
				CLANG_ANALYZER_NONNULL = YES;
				CLANG_ANALYZER_NUMBER_OBJECT_CONVERSION = YES_AGGRESSIVE;
				CLANG_CXX_LANGUAGE_STANDARD = "gnu++14";
				CLANG_CXX_LIBRARY = "libc++";
				CLANG_ENABLE_MODULES = YES;
				CLANG_ENABLE_OBJC_ARC = YES;
				CLANG_ENABLE_OBJC_WEAK = YES;
				CLANG_WARN_BLOCK_CAPTURE_AUTORELEASING = YES;
				CLANG_WARN_BOOL_CONVERSION = YES;
				CLANG_WARN_COMMA = YES;
				CLANG_WARN_CONSTANT_CONVERSION = YES;
				CLANG_WARN_DEPRECATED_OBJC_IMPLEMENTATIONS = YES;
				CLANG_WARN_DIRECT_OBJC_ISA_USAGE = YES_ERROR;
				CLANG_WARN_DOCUMENTATION_COMMENTS = YES;
				CLANG_WARN_EMPTY_BODY = YES;
				CLANG_WARN_ENUM_CONVERSION = YES;
				CLANG_WARN_INFINITE_RECURSION = YES;
				CLANG_WARN_INT_CONVERSION = YES;
				CLANG_WARN_NON_LITERAL_NULL_CONVERSION = YES;
				CLANG_WARN_OBJC_IMPLICIT_RETAIN_SELF = YES;
				CLANG_WARN_OBJC_LITERAL_CONVERSION = YES;
				CLANG_WARN_OBJC_ROOT_CLASS = YES_ERROR;
				CLANG_WARN_RANGE_LOOP_ANALYSIS = YES;
				CLANG_WARN_STRICT_PROTOTYPES = YES;
				CLANG_WARN_SUSPICIOUS_MOVE = YES;
				CLANG_WARN_UNGUARDED_AVAILABILITY = YES_AGGRESSIVE;
				CLANG_WARN_UNREACHABLE_CODE = YES;
				CLANG_WARN__DUPLICATE_METHOD_MATCH = YES;
				CODE_SIGN_IDENTITY = "iPhone Developer";
				COPY_PHASE_STRIP = NO;
				DEBUG_INFORMATION_FORMAT = dwarf;
				ENABLE_STRICT_OBJC_MSGSEND = YES;
				ENABLE_TESTABILITY = YES;
				GCC_C_LANGUAGE_STANDARD = gnu11;
				GCC_DYNAMIC_NO_PIC = NO;
				GCC_NO_COMMON_BLOCKS = YES;
				GCC_OPTIMIZATION_LEVEL = 0;
				GCC_PREPROCESSOR_DEFINITIONS = (
					"DEBUG=1",
					"$(inherited)",
				);
				GCC_WARN_64_TO_32_BIT_CONVERSION = YES;
				GCC_WARN_ABOUT_RETURN_TYPE = YES_ERROR;
				GCC_WARN_UNDECLARED_SELECTOR = YES;
				GCC_WARN_UNINITIALIZED_AUTOS = YES_AGGRESSIVE;
				GCC_WARN_UNUSED_FUNCTION = YES;
				GCC_WARN_UNUSED_VARIABLE = YES;
				IPHONEOS_DEPLOYMENT_TARGET = 12.1;
				MTL_ENABLE_DEBUG_INFO = INCLUDE_SOURCE;
				MTL_FAST_MATH = YES;
				ONLY_ACTIVE_ARCH = YES;
				SDKROOT = iphoneos;
				SWIFT_ACTIVE_COMPILATION_CONDITIONS = DEBUG;
				SWIFT_OPTIMIZATION_LEVEL = "-Onone";
			};
			name = Debug;
		};
		609BAE0F223455B0002D008A /* Release */ = {
			isa = XCBuildConfiguration;
			buildSettings = {
				ALWAYS_SEARCH_USER_PATHS = NO;
				CLANG_ANALYZER_NONNULL = YES;
				CLANG_ANALYZER_NUMBER_OBJECT_CONVERSION = YES_AGGRESSIVE;
				CLANG_CXX_LANGUAGE_STANDARD = "gnu++14";
				CLANG_CXX_LIBRARY = "libc++";
				CLANG_ENABLE_MODULES = YES;
				CLANG_ENABLE_OBJC_ARC = YES;
				CLANG_ENABLE_OBJC_WEAK = YES;
				CLANG_WARN_BLOCK_CAPTURE_AUTORELEASING = YES;
				CLANG_WARN_BOOL_CONVERSION = YES;
				CLANG_WARN_COMMA = YES;
				CLANG_WARN_CONSTANT_CONVERSION = YES;
				CLANG_WARN_DEPRECATED_OBJC_IMPLEMENTATIONS = YES;
				CLANG_WARN_DIRECT_OBJC_ISA_USAGE = YES_ERROR;
				CLANG_WARN_DOCUMENTATION_COMMENTS = YES;
				CLANG_WARN_EMPTY_BODY = YES;
				CLANG_WARN_ENUM_CONVERSION = YES;
				CLANG_WARN_INFINITE_RECURSION = YES;
				CLANG_WARN_INT_CONVERSION = YES;
				CLANG_WARN_NON_LITERAL_NULL_CONVERSION = YES;
				CLANG_WARN_OBJC_IMPLICIT_RETAIN_SELF = YES;
				CLANG_WARN_OBJC_LITERAL_CONVERSION = YES;
				CLANG_WARN_OBJC_ROOT_CLASS = YES_ERROR;
				CLANG_WARN_RANGE_LOOP_ANALYSIS = YES;
				CLANG_WARN_STRICT_PROTOTYPES = YES;
				CLANG_WARN_SUSPICIOUS_MOVE = YES;
				CLANG_WARN_UNGUARDED_AVAILABILITY = YES_AGGRESSIVE;
				CLANG_WARN_UNREACHABLE_CODE = YES;
				CLANG_WARN__DUPLICATE_METHOD_MATCH = YES;
				CODE_SIGN_IDENTITY = "iPhone Developer";
				COPY_PHASE_STRIP = NO;
				DEBUG_INFORMATION_FORMAT = "dwarf-with-dsym";
				ENABLE_NS_ASSERTIONS = NO;
				ENABLE_STRICT_OBJC_MSGSEND = YES;
				GCC_C_LANGUAGE_STANDARD = gnu11;
				GCC_NO_COMMON_BLOCKS = YES;
				GCC_WARN_64_TO_32_BIT_CONVERSION = YES;
				GCC_WARN_ABOUT_RETURN_TYPE = YES_ERROR;
				GCC_WARN_UNDECLARED_SELECTOR = YES;
				GCC_WARN_UNINITIALIZED_AUTOS = YES_AGGRESSIVE;
				GCC_WARN_UNUSED_FUNCTION = YES;
				GCC_WARN_UNUSED_VARIABLE = YES;
				IPHONEOS_DEPLOYMENT_TARGET = 12.1;
				MTL_ENABLE_DEBUG_INFO = NO;
				MTL_FAST_MATH = YES;
				SDKROOT = iphoneos;
				SWIFT_COMPILATION_MODE = wholemodule;
				SWIFT_OPTIMIZATION_LEVEL = "-O";
				VALIDATE_PRODUCT = YES;
			};
			name = Release;
		};
		609BAE11223455B0002D008A /* Debug */ = {
			isa = XCBuildConfiguration;
			baseConfigurationReference = 9C5772EAFEDC331A941F8A90 /* Pods-Jukebox.debug.xcconfig */;
			buildSettings = {
				ASSETCATALOG_COMPILER_APPICON_NAME = AppIcon;
				CODE_SIGN_STYLE = Automatic;
				DEVELOPMENT_TEAM = VC465BEP2A;
				INFOPLIST_FILE = Jukebox/Info.plist;
				LD_RUNPATH_SEARCH_PATHS = (
					"$(inherited)",
					"@executable_path/Frameworks",
				);
				PRODUCT_BUNDLE_IDENTIFIER = com.jacobsonal.Jukebox;
				PRODUCT_NAME = "$(TARGET_NAME)";
				SWIFT_VERSION = 4.2;
				TARGETED_DEVICE_FAMILY = "1,2";
			};
			name = Debug;
		};
		609BAE12223455B0002D008A /* Release */ = {
			isa = XCBuildConfiguration;
			baseConfigurationReference = 49ECFC0ECDDB2D49AEFE640E /* Pods-Jukebox.release.xcconfig */;
			buildSettings = {
				ASSETCATALOG_COMPILER_APPICON_NAME = AppIcon;
				CODE_SIGN_STYLE = Automatic;
				DEVELOPMENT_TEAM = VC465BEP2A;
				INFOPLIST_FILE = Jukebox/Info.plist;
				LD_RUNPATH_SEARCH_PATHS = (
					"$(inherited)",
					"@executable_path/Frameworks",
				);
				PRODUCT_BUNDLE_IDENTIFIER = com.jacobsonal.Jukebox;
				PRODUCT_NAME = "$(TARGET_NAME)";
				SWIFT_VERSION = 4.2;
				TARGETED_DEVICE_FAMILY = "1,2";
			};
			name = Release;
		};
/* End XCBuildConfiguration section */

/* Begin XCConfigurationList section */
		609BADF9223455AE002D008A /* Build configuration list for PBXProject "Jukebox" */ = {
			isa = XCConfigurationList;
			buildConfigurations = (
				609BAE0E223455B0002D008A /* Debug */,
				609BAE0F223455B0002D008A /* Release */,
			);
			defaultConfigurationIsVisible = 0;
			defaultConfigurationName = Release;
		};
		609BAE10223455B0002D008A /* Build configuration list for PBXNativeTarget "Jukebox" */ = {
			isa = XCConfigurationList;
			buildConfigurations = (
				609BAE11223455B0002D008A /* Debug */,
				609BAE12223455B0002D008A /* Release */,
			);
			defaultConfigurationIsVisible = 0;
			defaultConfigurationName = Release;
		};
/* End XCConfigurationList section */
	};
	rootObject = 609BADF6223455AE002D008A /* Project object */;
}
